{
  "name": "my_package",
  "version": "1.0.0",
  "lockfileVersion": 1,
  "requires": true,
  "dependencies": {
    "dwj_test_utils": {
      "version": "1.0.0",
      "resolved": "https://registry.npmjs.org/dwj_test_utils/-/dwj_test_utils-1.0.0.tgz",
      "integrity": "sha512-FDK8c9BpN62FQu6BASQuO9kiMeuIwhZJHCjdEhp9XeEmJ64cluRBpze+O5ML1/jJohmDiSULkwiVtF2ABIaCtA=="
    }
  }
}
